{
  "requires": true,
  "lockfileVersion": 1,
  "dependencies": {
    "filepond": {
      "version": "4.25.1",
      "resolved": "https://registry.npmjs.org/filepond/-/filepond-4.25.1.tgz",
      "integrity": "sha512-8UPPTzfpHZRUtJl3dEcGMLYOygg8taJZpYTv1WaEkvzeI+X0JX9+agMJ+5Lu1EKtdt9dGq/9Gud+EnNRBaGl1A=="
    }
  }
}
